
Microsoft Visual Studio Solution File, Format Version 12.00
# Visual Studio Version 17
VisualStudioVersion = 17.8.34511.84
MinimumVisualStudioVersion = 10.0.40219.1
Project("{FAE04EC0-301F-11D3-BF4B-00C04F79EFBC}") = "CIT 190 Lesson 7 Collections Queue", "CIT 190 Lesson 7 Collections Queue.csproj", "{067F0116-43E0-4CF3-9C43-09AD930687DB}"
EndProject
Global
	GlobalSection(SolutionConfigurationPlatforms) = preSolution
		Debug|Any CPU = Debug|Any CPU
		Release|Any CPU = Release|Any CPU
	EndGlobalSection
	GlobalSection(ProjectConfigurationPlatforms) = postSolution
		{067F0116-43E0-4CF3-9C43-09AD930687DB}.Debug|Any CPU.ActiveCfg = Debug|Any CPU
		{067F0116-43E0-4CF3-9C43-09AD930687DB}.Debug|Any CPU.Build.0 = Debug|Any CPU
		{067F0116-43E0-4CF3-9C43-09AD930687DB}.Release|Any CPU.ActiveCfg = Release|Any CPU
		{067F0116-43E0-4CF3-9C43-09AD930687DB}.Release|Any CPU.Build.0 = Release|Any CPU
	EndGlobalSection
	GlobalSection(SolutionProperties) = preSolution
		HideSolutionNode = FALSE
	EndGlobalSection
	GlobalSection(ExtensibilityGlobals) = postSolution
		SolutionGuid = {4B07D873-240E-473F-A852-CA6260351E9E}
	EndGlobalSection
EndGlobal
